
Microsoft Visual Studio Solution File, Format Version 12.00
# Visual Studio Version 17
VisualStudioVersion = 17.14.36518.9 d17.14
MinimumVisualStudioVersion = 10.0.40219.1
Project("{FAE04EC0-301F-11D3-BF4B-00C04F79EFBC}") = "Learning Management System", "Learning Management System\Learning Management System.csproj", "{9FCF9C10-2287-42C9-9D64-1DB71AEC9D9C}"
EndProject
Global
	GlobalSection(SolutionConfigurationPlatforms) = preSolution
		Debug|Any CPU = Debug|Any CPU
		Release|Any CPU = Release|Any CPU
	EndGlobalSection
	GlobalSection(ProjectConfigurationPlatforms) = postSolution
		{9FCF9C10-2287-42C9-9D64-1DB71AEC9D9C}.Debug|Any CPU.ActiveCfg = Debug|Any CPU
		{9FCF9C10-2287-42C9-9D64-1DB71AEC9D9C}.Debug|Any CPU.Build.0 = Debug|Any CPU
		{9FCF9C10-2287-42C9-9D64-1DB71AEC9D9C}.Release|Any CPU.ActiveCfg = Release|Any CPU
		{9FCF9C10-2287-42C9-9D64-1DB71AEC9D9C}.Release|Any CPU.Build.0 = Release|Any CPU
	EndGlobalSection
	GlobalSection(SolutionProperties) = preSolution
		HideSolutionNode = FALSE
	EndGlobalSection
	GlobalSection(ExtensibilityGlobals) = postSolution
		SolutionGuid = {3B9B80C3-5FD9-42EF-878A-ECA2C00240D6}
	EndGlobalSection
EndGlobal
